// !$*UTF8*$!
{
	archiveVersion = 1;
	classes = {
	};
	objectVersion = 48;
	objects = {

/* Begin PBXBuildFile section */
		7F0D588A202BB8C600A6BC79 /* MapController.swift in Sources */ = {isa = PBXBuildFile; fileRef = 7F0D5889202BB8C600A6BC79 /* MapController.swift */; };
		7F141504203E0F7400713355 /* SexController.swift in Sources */ = {isa = PBXBuildFile; fileRef = 7F141503203E0F7400713355 /* SexController.swift */; };
		7F141508203E10E300713355 /* GritOptionsButton.swift in Sources */ = {isa = PBXBuildFile; fileRef = 7F141507203E10E300713355 /* GritOptionsButton.swift */; };
		7F333D36203DCB11007022D3 /* GritSignUpController.swift in Sources */ = {isa = PBXBuildFile; fileRef = 7F333D35203DCB11007022D3 /* GritSignUpController.swift */; };
		7F333D38203DD8C0007022D3 /* NameController.swift in Sources */ = {isa = PBXBuildFile; fileRef = 7F333D37203DD8C0007022D3 /* NameController.swift */; };
		7FA4BADD202BB19C000E17E6 /* AppDelegate.swift in Sources */ = {isa = PBXBuildFile; fileRef = 7FA4BADC202BB19C000E17E6 /* AppDelegate.swift */; };
		7FA4BADF202BB19C000E17E6 /* ProfileController.swift in Sources */ = {isa = PBXBuildFile; fileRef = 7FA4BADE202BB19C000E17E6 /* ProfileController.swift */; };
		7FA4BAE4202BB19C000E17E6 /* Assets.xcassets in Resources */ = {isa = PBXBuildFile; fileRef = 7FA4BAE3202BB19C000E17E6 /* Assets.xcassets */; };
		7FA4BAE7202BB19C000E17E6 /* LaunchScreen.storyboard in Resources */ = {isa = PBXBuildFile; fileRef = 7FA4BAE5202BB19C000E17E6 /* LaunchScreen.storyboard */; };
		7FA4BAF0202BB26D000E17E6 /* HomeController.swift in Sources */ = {isa = PBXBuildFile; fileRef = 7FA4BAEF202BB26D000E17E6 /* HomeController.swift */; };
		7FA4BAF3202BB33C000E17E6 /* Utility.swift in Sources */ = {isa = PBXBuildFile; fileRef = 7FA4BAF2202BB33C000E17E6 /* Utility.swift */; };
		7FCE74C0203E27EE00F14445 /* MentorMenteeController.swift in Sources */ = {isa = PBXBuildFile; fileRef = 7FCE74BF203E27EE00F14445 /* MentorMenteeController.swift */; };
		7FCE74C2203E2B8900F14445 /* DateSignUpController.swift in Sources */ = {isa = PBXBuildFile; fileRef = 7FCE74C1203E2B8900F14445 /* DateSignUpController.swift */; };
/* End PBXBuildFile section */

/* Begin PBXFileReference section */
		7F0D5889202BB8C600A6BC79 /* MapController.swift */ = {isa = PBXFileReference; lastKnownFileType = sourcecode.swift; path = MapController.swift; sourceTree = "<group>"; };
		7F141503203E0F7400713355 /* SexController.swift */ = {isa = PBXFileReference; lastKnownFileType = sourcecode.swift; path = SexController.swift; sourceTree = "<group>"; };
		7F141507203E10E300713355 /* GritOptionsButton.swift */ = {isa = PBXFileReference; lastKnownFileType = sourcecode.swift; path = GritOptionsButton.swift; sourceTree = "<group>"; };
		7F333D35203DCB11007022D3 /* GritSignUpController.swift */ = {isa = PBXFileReference; lastKnownFileType = sourcecode.swift; path = GritSignUpController.swift; sourceTree = "<group>"; };
		7F333D37203DD8C0007022D3 /* NameController.swift */ = {isa = PBXFileReference; lastKnownFileType = sourcecode.swift; path = NameController.swift; sourceTree = "<group>"; };
		7FA4BAD9202BB19C000E17E6 /* Grit.app */ = {isa = PBXFileReference; explicitFileType = wrapper.application; includeInIndex = 0; path = Grit.app; sourceTree = BUILT_PRODUCTS_DIR; };
		7FA4BADC202BB19C000E17E6 /* AppDelegate.swift */ = {isa = PBXFileReference; lastKnownFileType = sourcecode.swift; path = AppDelegate.swift; sourceTree = "<group>"; };
		7FA4BADE202BB19C000E17E6 /* ProfileController.swift */ = {isa = PBXFileReference; lastKnownFileType = sourcecode.swift; path = ProfileController.swift; sourceTree = "<group>"; };
		7FA4BAE3202BB19C000E17E6 /* Assets.xcassets */ = {isa = PBXFileReference; lastKnownFileType = folder.assetcatalog; path = Assets.xcassets; sourceTree = "<group>"; };
		7FA4BAE6202BB19C000E17E6 /* Base */ = {isa = PBXFileReference; lastKnownFileType = file.storyboard; name = Base; path = Base.lproj/LaunchScreen.storyboard; sourceTree = "<group>"; };
		7FA4BAE8202BB19C000E17E6 /* Info.plist */ = {isa = PBXFileReference; lastKnownFileType = text.plist.xml; path = Info.plist; sourceTree = "<group>"; };
		7FA4BAEF202BB26D000E17E6 /* HomeController.swift */ = {isa = PBXFileReference; lastKnownFileType = sourcecode.swift; path = HomeController.swift; sourceTree = "<group>"; };
		7FA4BAF2202BB33C000E17E6 /* Utility.swift */ = {isa = PBXFileReference; lastKnownFileType = sourcecode.swift; path = Utility.swift; sourceTree = "<group>"; };
		7FCE74BF203E27EE00F14445 /* MentorMenteeController.swift */ = {isa = PBXFileReference; lastKnownFileType = sourcecode.swift; path = MentorMenteeController.swift; sourceTree = "<group>"; };
		7FCE74C1203E2B8900F14445 /* DateSignUpController.swift */ = {isa = PBXFileReference; lastKnownFileType = sourcecode.swift; path = DateSignUpController.swift; sourceTree = "<group>"; };
/* End PBXFileReference section */

/* Begin PBXFrameworksBuildPhase section */
		7FA4BAD6202BB19C000E17E6 /* Frameworks */ = {
			isa = PBXFrameworksBuildPhase;
			buildActionMask = 2147483647;
			files = (
			);
			runOnlyForDeploymentPostprocessing = 0;
		};
/* End PBXFrameworksBuildPhase section */

/* Begin PBXGroup section */
		7F141505203E0FE100713355 /* SignUp */ = {
			isa = PBXGroup;
			children = (
				7F333D37203DD8C0007022D3 /* NameController.swift */,
				7F141503203E0F7400713355 /* SexController.swift */,
				7F333D35203DCB11007022D3 /* GritSignUpController.swift */,
				7FCE74BF203E27EE00F14445 /* MentorMenteeController.swift */,
				7FCE74C1203E2B8900F14445 /* DateSignUpController.swift */,
			);
			path = SignUp;
			sourceTree = "<group>";
		};
		7F141506203E10CC00713355 /* View */ = {
			isa = PBXGroup;
			children = (
				7F141507203E10E300713355 /* GritOptionsButton.swift */,
			);
			path = View;
			sourceTree = "<group>";
		};
		7FA4BAD0202BB19C000E17E6 = {
			isa = PBXGroup;
			children = (
				7FA4BADB202BB19C000E17E6 /* Grit */,
				7FA4BADA202BB19C000E17E6 /* Products */,
			);
			sourceTree = "<group>";
		};
		7FA4BADA202BB19C000E17E6 /* Products */ = {
			isa = PBXGroup;
			children = (
				7FA4BAD9202BB19C000E17E6 /* Grit.app */,
			);
			name = Products;
			sourceTree = "<group>";
		};
		7FA4BADB202BB19C000E17E6 /* Grit */ = {
			isa = PBXGroup;
			children = (
				7F141505203E0FE100713355 /* SignUp */,
				7F141506203E10CC00713355 /* View */,
				7FA4BAF1202BB32C000E17E6 /* Utility */,
				7FA4BAEE202BB21E000E17E6 /* Controller */,
				7FA4BADC202BB19C000E17E6 /* AppDelegate.swift */,
				7FA4BAE3202BB19C000E17E6 /* Assets.xcassets */,
				7FA4BAE5202BB19C000E17E6 /* LaunchScreen.storyboard */,
				7FA4BAE8202BB19C000E17E6 /* Info.plist */,
			);
			path = Grit;
			sourceTree = "<group>";
		};
		7FA4BAEE202BB21E000E17E6 /* Controller */ = {
			isa = PBXGroup;
			children = (
				7FA4BAEF202BB26D000E17E6 /* HomeController.swift */,
				7FA4BADE202BB19C000E17E6 /* ProfileController.swift */,
				7F0D5889202BB8C600A6BC79 /* MapController.swift */,
			);
			path = Controller;
			sourceTree = "<group>";
		};
		7FA4BAF1202BB32C000E17E6 /* Utility */ = {
			isa = PBXGroup;
			children = (
				7FA4BAF2202BB33C000E17E6 /* Utility.swift */,
			);
			path = Utility;
			sourceTree = "<group>";
		};
/* End PBXGroup section */

/* Begin PBXNativeTarget section */
		7FA4BAD8202BB19C000E17E6 /* Grit */ = {
			isa = PBXNativeTarget;
			buildConfigurationList = 7FA4BAEB202BB19C000E17E6 /* Build configuration list for PBXNativeTarget "Grit" */;
			buildPhases = (
				7FA4BAD5202BB19C000E17E6 /* Sources */,
				7FA4BAD6202BB19C000E17E6 /* Frameworks */,
				7FA4BAD7202BB19C000E17E6 /* Resources */,
			);
			buildRules = (
			);
			dependencies = (
			);
			name = Grit;
			productName = Grit;
			productReference = 7FA4BAD9202BB19C000E17E6 /* Grit.app */;
			productType = "com.apple.product-type.application";
		};
/* End PBXNativeTarget section */

/* Begin PBXProject section */
		7FA4BAD1202BB19C000E17E6 /* Project object */ = {
			isa = PBXProject;
			attributes = {
				LastSwiftUpdateCheck = 0920;
				LastUpgradeCheck = 0920;
				ORGANIZATIONNAME = "Jared Williams";
				TargetAttributes = {
					7FA4BAD8202BB19C000E17E6 = {
						CreatedOnToolsVersion = 9.2;
						ProvisioningStyle = Automatic;
					};
				};
			};
			buildConfigurationList = 7FA4BAD4202BB19C000E17E6 /* Build configuration list for PBXProject "Grit" */;
			compatibilityVersion = "Xcode 8.0";
			developmentRegion = en;
			hasScannedForEncodings = 0;
			knownRegions = (
				en,
				Base,
			);
			mainGroup = 7FA4BAD0202BB19C000E17E6;
			productRefGroup = 7FA4BADA202BB19C000E17E6 /* Products */;
			projectDirPath = "";
			projectRoot = "";
			targets = (
				7FA4BAD8202BB19C000E17E6 /* Grit */,
			);
		};
/* End PBXProject section */

/* Begin PBXResourcesBuildPhase section */
		7FA4BAD7202BB19C000E17E6 /* Resources */ = {
			isa = PBXResourcesBuildPhase;
			buildActionMask = 2147483647;
			files = (
				7FA4BAE7202BB19C000E17E6 /* LaunchScreen.storyboard in Resources */,
				7FA4BAE4202BB19C000E17E6 /* Assets.xcassets in Resources */,
			);
			runOnlyForDeploymentPostprocessing = 0;
		};
/* End PBXResourcesBuildPhase section */

/* Begin PBXSourcesBuildPhase section */
		7FA4BAD5202BB19C000E17E6 /* Sources */ = {
			isa = PBXSourcesBuildPhase;
			buildActionMask = 2147483647;
			files = (
				7FA4BAF3202BB33C000E17E6 /* Utility.swift in Sources */,
				7FA4BADF202BB19C000E17E6 /* ProfileController.swift in Sources */,
				7F141504203E0F7400713355 /* SexController.swift in Sources */,
				7F141508203E10E300713355 /* GritOptionsButton.swift in Sources */,
				7FCE74C0203E27EE00F14445 /* MentorMenteeController.swift in Sources */,
				7FCE74C2203E2B8900F14445 /* DateSignUpController.swift in Sources */,
				7FA4BADD202BB19C000E17E6 /* AppDelegate.swift in Sources */,
				7F333D36203DCB11007022D3 /* GritSignUpController.swift in Sources */,
				7F0D588A202BB8C600A6BC79 /* MapController.swift in Sources */,
				7FA4BAF0202BB26D000E17E6 /* HomeController.swift in Sources */,
				7F333D38203DD8C0007022D3 /* NameController.swift in Sources */,
			);
			runOnlyForDeploymentPostprocessing = 0;
		};
/* End PBXSourcesBuildPhase section */

/* Begin PBXVariantGroup section */
		7FA4BAE5202BB19C000E17E6 /* LaunchScreen.storyboard */ = {
			isa = PBXVariantGroup;
			children = (
				7FA4BAE6202BB19C000E17E6 /* Base */,
			);
			name = LaunchScreen.storyboard;
			sourceTree = "<group>";
		};
/* End PBXVariantGroup section */

/* Begin XCBuildConfiguration section */
		7FA4BAE9202BB19C000E17E6 /* Debug */ = {
			isa = XCBuildConfiguration;
			buildSettings = {
				ALWAYS_SEARCH_USER_PATHS = NO;
				CLANG_ANALYZER_NONNULL = YES;
				CLANG_ANALYZER_NUMBER_OBJECT_CONVERSION = YES_AGGRESSIVE;
				CLANG_CXX_LANGUAGE_STANDARD = "gnu++14";
				CLANG_CXX_LIBRARY = "libc++";
				CLANG_ENABLE_MODULES = YES;
				CLANG_ENABLE_OBJC_ARC = YES;
				CLANG_WARN_BLOCK_CAPTURE_AUTORELEASING = YES;
				CLANG_WARN_BOOL_CONVERSION = YES;
				CLANG_WARN_COMMA = YES;
				CLANG_WARN_CONSTANT_CONVERSION = YES;
				CLANG_WARN_DIRECT_OBJC_ISA_USAGE = YES_ERROR;
				CLANG_WARN_DOCUMENTATION_COMMENTS = YES;
				CLANG_WARN_EMPTY_BODY = YES;
				CLANG_WARN_ENUM_CONVERSION = YES;
				CLANG_WARN_INFINITE_RECURSION = YES;
				CLANG_WARN_INT_CONVERSION = YES;
				CLANG_WARN_NON_LITERAL_NULL_CONVERSION = YES;
				CLANG_WARN_OBJC_LITERAL_CONVERSION = YES;
				CLANG_WARN_OBJC_ROOT_CLASS = YES_ERROR;
				CLANG_WARN_RANGE_LOOP_ANALYSIS = YES;
				CLANG_WARN_STRICT_PROTOTYPES = YES;
				CLANG_WARN_SUSPICIOUS_MOVE = YES;
				CLANG_WARN_UNGUARDED_AVAILABILITY = YES_AGGRESSIVE;
				CLANG_WARN_UNREACHABLE_CODE = YES;
				CLANG_WARN__DUPLICATE_METHOD_MATCH = YES;
				CODE_SIGN_IDENTITY = "iPhone Developer";
				COPY_PHASE_STRIP = NO;
				DEBUG_INFORMATION_FORMAT = dwarf;
				ENABLE_STRICT_OBJC_MSGSEND = YES;
				ENABLE_TESTABILITY = YES;
				GCC_C_LANGUAGE_STANDARD = gnu11;
				GCC_DYNAMIC_NO_PIC = NO;
				GCC_NO_COMMON_BLOCKS = YES;
				GCC_OPTIMIZATION_LEVEL = 0;
				GCC_PREPROCESSOR_DEFINITIONS = (
					"DEBUG=1",
					"$(inherited)",
				);
				GCC_WARN_64_TO_32_BIT_CONVERSION = YES;
				GCC_WARN_ABOUT_RETURN_TYPE = YES_ERROR;
				GCC_WARN_UNDECLARED_SELECTOR = YES;
				GCC_WARN_UNINITIALIZED_AUTOS = YES_AGGRESSIVE;
				GCC_WARN_UNUSED_FUNCTION = YES;
				GCC_WARN_UNUSED_VARIABLE = YES;
				IPHONEOS_DEPLOYMENT_TARGET = 11.2;
				MTL_ENABLE_DEBUG_INFO = YES;
				ONLY_ACTIVE_ARCH = YES;
				SDKROOT = iphoneos;
				SWIFT_ACTIVE_COMPILATION_CONDITIONS = DEBUG;
				SWIFT_OPTIMIZATION_LEVEL = "-Onone";
			};
			name = Debug;
		};
		7FA4BAEA202BB19C000E17E6 /* Release */ = {
			isa = XCBuildConfiguration;
			buildSettings = {
				ALWAYS_SEARCH_USER_PATHS = NO;
				CLANG_ANALYZER_NONNULL = YES;
				CLANG_ANALYZER_NUMBER_OBJECT_CONVERSION = YES_AGGRESSIVE;
				CLANG_CXX_LANGUAGE_STANDARD = "gnu++14";
				CLANG_CXX_LIBRARY = "libc++";
				CLANG_ENABLE_MODULES = YES;
				CLANG_ENABLE_OBJC_ARC = YES;
				CLANG_WARN_BLOCK_CAPTURE_AUTORELEASING = YES;
				CLANG_WARN_BOOL_CONVERSION = YES;
				CLANG_WARN_COMMA = YES;
				CLANG_WARN_CONSTANT_CONVERSION = YES;
				CLANG_WARN_DIRECT_OBJC_ISA_USAGE = YES_ERROR;
				CLANG_WARN_DOCUMENTATION_COMMENTS = YES;
				CLANG_WARN_EMPTY_BODY = YES;
				CLANG_WARN_ENUM_CONVERSION = YES;
				CLANG_WARN_INFINITE_RECURSION = YES;
				CLANG_WARN_INT_CONVERSION = YES;
				CLANG_WARN_NON_LITERAL_NULL_CONVERSION = YES;
				CLANG_WARN_OBJC_LITERAL_CONVERSION = YES;
				CLANG_WARN_OBJC_ROOT_CLASS = YES_ERROR;
				CLANG_WARN_RANGE_LOOP_ANALYSIS = YES;
				CLANG_WARN_STRICT_PROTOTYPES = YES;
				CLANG_WARN_SUSPICIOUS_MOVE = YES;
				CLANG_WARN_UNGUARDED_AVAILABILITY = YES_AGGRESSIVE;
				CLANG_WARN_UNREACHABLE_CODE = YES;
				CLANG_WARN__DUPLICATE_METHOD_MATCH = YES;
				CODE_SIGN_IDENTITY = "iPhone Developer";
				COPY_PHASE_STRIP = NO;
				DEBUG_INFORMATION_FORMAT = "dwarf-with-dsym";
				ENABLE_NS_ASSERTIONS = NO;
				ENABLE_STRICT_OBJC_MSGSEND = YES;
				GCC_C_LANGUAGE_STANDARD = gnu11;
				GCC_NO_COMMON_BLOCKS = YES;
				GCC_WARN_64_TO_32_BIT_CONVERSION = YES;
				GCC_WARN_ABOUT_RETURN_TYPE = YES_ERROR;
				GCC_WARN_UNDECLARED_SELECTOR = YES;
				GCC_WARN_UNINITIALIZED_AUTOS = YES_AGGRESSIVE;
				GCC_WARN_UNUSED_FUNCTION = YES;
				GCC_WARN_UNUSED_VARIABLE = YES;
				IPHONEOS_DEPLOYMENT_TARGET = 11.2;
				MTL_ENABLE_DEBUG_INFO = NO;
				SDKROOT = iphoneos;
				SWIFT_OPTIMIZATION_LEVEL = "-Owholemodule";
				VALIDATE_PRODUCT = YES;
			};
			name = Release;
		};
		7FA4BAEC202BB19C000E17E6 /* Debug */ = {
			isa = XCBuildConfiguration;
			buildSettings = {
				ASSETCATALOG_COMPILER_APPICON_NAME = AppIcon;
				CODE_SIGN_STYLE = Automatic;
				DEVELOPMENT_TEAM = 8SR3MG6VY6;
				INFOPLIST_FILE = Grit/Info.plist;
				LD_RUNPATH_SEARCH_PATHS = "$(inherited) @executable_path/Frameworks";
				PRODUCT_BUNDLE_IDENTIFIER = com.JaredWilliams.Grit;
				PRODUCT_NAME = "$(TARGET_NAME)";
				SWIFT_VERSION = 4.0;
				TARGETED_DEVICE_FAMILY = "1,2";
			};
			name = Debug;
		};
		7FA4BAED202BB19C000E17E6 /* Release */ = {
			isa = XCBuildConfiguration;
			buildSettings = {
				ASSETCATALOG_COMPILER_APPICON_NAME = AppIcon;
				CODE_SIGN_STYLE = Automatic;
				DEVELOPMENT_TEAM = 8SR3MG6VY6;
				INFOPLIST_FILE = Grit/Info.plist;
				LD_RUNPATH_SEARCH_PATHS = "$(inherited) @executable_path/Frameworks";
				PRODUCT_BUNDLE_IDENTIFIER = com.JaredWilliams.Grit;
				PRODUCT_NAME = "$(TARGET_NAME)";
				SWIFT_VERSION = 4.0;
				TARGETED_DEVICE_FAMILY = "1,2";
			};
			name = Release;
		};
/* End XCBuildConfiguration section */

/* Begin XCConfigurationList section */
		7FA4BAD4202BB19C000E17E6 /* Build configuration list for PBXProject "Grit" */ = {
			isa = XCConfigurationList;
			buildConfigurations = (
				7FA4BAE9202BB19C000E17E6 /* Debug */,
				7FA4BAEA202BB19C000E17E6 /* Release */,
			);
			defaultConfigurationIsVisible = 0;
			defaultConfigurationName = Release;
		};
		7FA4BAEB202BB19C000E17E6 /* Build configuration list for PBXNativeTarget "Grit" */ = {
			isa = XCConfigurationList;
			buildConfigurations = (
				7FA4BAEC202BB19C000E17E6 /* Debug */,
				7FA4BAED202BB19C000E17E6 /* Release */,
			);
			defaultConfigurationIsVisible = 0;
			defaultConfigurationName = Release;
		};
/* End XCConfigurationList section */
	};
	rootObject = 7FA4BAD1202BB19C000E17E6 /* Project object */;
}
